
Microsoft Visual Studio Solution File, Format Version 12.00
# Visual Studio 15
VisualStudioVersion = 15.0.28307.168
MinimumVisualStudioVersion = 10.0.40219.1
Project("{FAE04EC0-301F-11D3-BF4B-00C04F79EFBC}") = "IEnumerable", "IEnumerable\IEnumerable.csproj", "{EC107608-7242-4DF7-8AC3-E46413B28691}"
EndProject
Global
	GlobalSection(SolutionConfigurationPlatforms) = preSolution
		Debug|Any CPU = Debug|Any CPU
		Release|Any CPU = Release|Any CPU
	EndGlobalSection
	GlobalSection(ProjectConfigurationPlatforms) = postSolution
		{EC107608-7242-4DF7-8AC3-E46413B28691}.Debug|Any CPU.ActiveCfg = Debug|Any CPU
		{EC107608-7242-4DF7-8AC3-E46413B28691}.Debug|Any CPU.Build.0 = Debug|Any CPU
		{EC107608-7242-4DF7-8AC3-E46413B28691}.Release|Any CPU.ActiveCfg = Release|Any CPU
		{EC107608-7242-4DF7-8AC3-E46413B28691}.Release|Any CPU.Build.0 = Release|Any CPU
	EndGlobalSection
	GlobalSection(SolutionProperties) = preSolution
		HideSolutionNode = FALSE
	EndGlobalSection
	GlobalSection(ExtensibilityGlobals) = postSolution
		SolutionGuid = {7FA0083D-8861-4B23-BB98-A878CA949F58}
	EndGlobalSection
EndGlobal
